
Microsoft Visual Studio Solution File, Format Version 12.00
# Visual Studio Version 17
VisualStudioVersion = 17.0.32014.148
MinimumVisualStudioVersion = 10.0.40219.1
Project("{FAE04EC0-301F-11D3-BF4B-00C04F79EFBC}") = "GİRİLEN METNİ HARF HARF YAZDIRAN PROGRAM", "GİRİLEN METNİ HARF HARF YAZDIRAN PROGRAM\GİRİLEN METNİ HARF HARF YAZDIRAN PROGRAM.csproj", "{EEE66A69-5B56-4FDE-AA3F-20AE35160C71}"
EndProject
Global
	GlobalSection(SolutionConfigurationPlatforms) = preSolution
		Debug|Any CPU = Debug|Any CPU
		Release|Any CPU = Release|Any CPU
	EndGlobalSection
	GlobalSection(ProjectConfigurationPlatforms) = postSolution
		{EEE66A69-5B56-4FDE-AA3F-20AE35160C71}.Debug|Any CPU.ActiveCfg = Debug|Any CPU
		{EEE66A69-5B56-4FDE-AA3F-20AE35160C71}.Debug|Any CPU.Build.0 = Debug|Any CPU
		{EEE66A69-5B56-4FDE-AA3F-20AE35160C71}.Release|Any CPU.ActiveCfg = Release|Any CPU
		{EEE66A69-5B56-4FDE-AA3F-20AE35160C71}.Release|Any CPU.Build.0 = Release|Any CPU
	EndGlobalSection
	GlobalSection(SolutionProperties) = preSolution
		HideSolutionNode = FALSE
	EndGlobalSection
	GlobalSection(ExtensibilityGlobals) = postSolution
		SolutionGuid = {6564DC9F-02A8-4984-8FAE-74DC2324DE7A}
	EndGlobalSection
EndGlobal
